<?xml version="1.0" encoding="utf-8"?>
<Project ToolsVersion="4.0" xmlns="http://schemas.microsoft.com/developer/msbuild/2003">
  <ItemGroup>
    <Filter Include="Source Files">
      <UniqueIdentifier>{4FC737F1-C7A5-4376-A066-2A32D752A2FF}</UniqueIdentifier>
      <Extensions>cpp;c;cc;cxx;def;odl;idl;hpj;bat;asm;asmx</Extensions>
    </Filter>
    <Filter Include="Header Files">
      <UniqueIdentifier>{93995380-89BD-4b04-88EB-625FBE52EBFB}</UniqueIdentifier>
      <Extensions>h;hh;hpp;hxx;hm;inl;inc;xsd</Extensions>
    </Filter>
    <Filter Include="Resource Files">
      <UniqueIdentifier>{67DA6AB6-F800-4c08-8B7A-83BB121AAD01}</UniqueIdentifier>
      <Extensions>rc;ico;cur;bmp;dlg;rc2;rct;bin;rgs;gif;jpg;jpeg;jpe;resx;tiff;tif;png;wav;mfcribbon-ms</Extensions>
    </Filter>
    <Filter Include="include">
      <UniqueIdentifier>{4a152017-2e00-4f5c-8f02-a54e74434201}</UniqueIdentifier>
    </Filter>
    <Filter Include="src">
      <UniqueIdentifier>{b24b95ad-2780-4f99-9613-69cc6bf0bbed}</UniqueIdentifier>
    </Filter>
  </ItemGroup>
  <ItemGroup>
    <Text Include="ReadMe.txt" />
  </ItemGroup>
  <ItemGroup>
    <ClInclude Include="stdafx.h">
      <Filter>Header Files</Filter>
    </ClInclude>
    <ClInclude Include="targetver.h">
      <Filter>Header Files</Filter>
    </ClInclude>
    <ClInclude Include="..\include\SysUtilities.h">
      <Filter>include</Filter>
    </ClInclude>
    <ClInclude Include="..\src\InDef.h">
      <Filter>Header Files</Filter>
    </ClInclude>
    <ClInclude Include="..\include\Debug.h">
      <Filter>include</Filter>
    </ClInclude>
    <ClInclude Include="resource.h">
      <Filter>Header Files</Filter>
    </ClInclude>
    <ClInclude Include="..\include\CritSec.h">
      <Filter>include</Filter>
    </ClInclude>
    <ClInclude Include="..\include\RWLock.h">
      <Filter>include</Filter>
    </ClInclude>
    <ClInclude Include="..\include\Sem.h">
      <Filter>include</Filter>
    </ClInclude>
    <ClInclude Include="..\include\AutoLock.h">
      <Filter>include</Filter>
    </ClInclude>
    <ClInclude Include="..\include\ThreadBox.h">
      <Filter>include</Filter>
    </ClInclude>
    <ClInclude Include="..\include\ThreadPool.h">
      <Filter>include</Filter>
    </ClInclude>
    <ClInclude Include="..\include\api.h">
      <Filter>include</Filter>
    </ClInclude>
    <ClInclude Include="..\include\Cond.h">
      <Filter>include</Filter>
    </ClInclude>
    <ClInclude Include="..\include\Header.h">
      <Filter>include</Filter>
    </ClInclude>
  </ItemGroup>
  <ItemGroup>
    <ClCompile Include="stdafx.cpp">
      <Filter>Source Files</Filter>
    </ClCompile>
    <ClCompile Include="SysUtilities.cpp">
      <Filter>Source Files</Filter>
    </ClCompile>
    <ClCompile Include="dllmain.cpp">
      <Filter>Source Files</Filter>
    </ClCompile>
    <ClCompile Include="..\src\Debug.cpp">
      <Filter>src</Filter>
    </ClCompile>
    <ClCompile Include="..\src\CritSec.cpp">
      <Filter>src</Filter>
    </ClCompile>
    <ClCompile Include="..\src\RWLock.cpp">
      <Filter>src</Filter>
    </ClCompile>
    <ClCompile Include="..\src\Sem.cpp">
      <Filter>src</Filter>
    </ClCompile>
    <ClCompile Include="..\src\AutoLock.cpp">
      <Filter>src</Filter>
    </ClCompile>
    <ClCompile Include="..\src\ThreadBox.cpp">
      <Filter>src</Filter>
    </ClCompile>
    <ClCompile Include="..\src\ThreadPool.cpp">
      <Filter>src</Filter>
    </ClCompile>
    <ClCompile Include="..\src\api.cpp">
      <Filter>src</Filter>
    </ClCompile>
    <ClCompile Include="..\src\Cond.cpp">
      <Filter>src</Filter>
    </ClCompile>
    <ClCompile Include="..\src\InDef.cpp">
      <Filter>src</Filter>
    </ClCompile>
  </ItemGroup>
  <ItemGroup>
    <ResourceCompile Include="SysUtilities.rc">
      <Filter>Resource Files</Filter>
    </ResourceCompile>
  </ItemGroup>
</Project>